
Microsoft Visual Studio Solution File, Format Version 12.00
# Visual Studio Version 16
VisualStudioVersion = 16.0.29728.190
MinimumVisualStudioVersion = 10.0.40219.1
Project("{FAE04EC0-301F-11D3-BF4B-00C04F79EFBC}") = "DeoNarayanAsquarioSummative", "DeoNarayanAsquarioSummative\DeoNarayanAsquarioSummative.csproj", "{EF2EC8FD-980F-46B9-8A8C-2943DACC9F64}"
EndProject
Global
	GlobalSection(SolutionConfigurationPlatforms) = preSolution
		Debug|Any CPU = Debug|Any CPU
		Release|Any CPU = Release|Any CPU
	EndGlobalSection
	GlobalSection(ProjectConfigurationPlatforms) = postSolution
		{EF2EC8FD-980F-46B9-8A8C-2943DACC9F64}.Debug|Any CPU.ActiveCfg = Debug|Any CPU
		{EF2EC8FD-980F-46B9-8A8C-2943DACC9F64}.Debug|Any CPU.Build.0 = Debug|Any CPU
		{EF2EC8FD-980F-46B9-8A8C-2943DACC9F64}.Release|Any CPU.ActiveCfg = Release|Any CPU
		{EF2EC8FD-980F-46B9-8A8C-2943DACC9F64}.Release|Any CPU.Build.0 = Release|Any CPU
	EndGlobalSection
	GlobalSection(SolutionProperties) = preSolution
		HideSolutionNode = FALSE
	EndGlobalSection
	GlobalSection(ExtensibilityGlobals) = postSolution
		SolutionGuid = {96B76B7B-3FBB-45E1-BEF7-4F9C45217607}
	EndGlobalSection
EndGlobal
